
Microsoft Visual Studio Solution File, Format Version 12.00
# Visual Studio Version 17
VisualStudioVersion = 17.3.32819.101
MinimumVisualStudioVersion = 10.0.40219.1
Project("{FAE04EC0-301F-11D3-BF4B-00C04F79EFBC}") = "exersize 8", "exersize 8\exersize 8.csproj", "{0EA2ABB8-78C7-432B-855B-B0770F842006}"
EndProject
Global
	GlobalSection(SolutionConfigurationPlatforms) = preSolution
		Debug|Any CPU = Debug|Any CPU
		Release|Any CPU = Release|Any CPU
	EndGlobalSection
	GlobalSection(ProjectConfigurationPlatforms) = postSolution
		{0EA2ABB8-78C7-432B-855B-B0770F842006}.Debug|Any CPU.ActiveCfg = Debug|Any CPU
		{0EA2ABB8-78C7-432B-855B-B0770F842006}.Debug|Any CPU.Build.0 = Debug|Any CPU
		{0EA2ABB8-78C7-432B-855B-B0770F842006}.Release|Any CPU.ActiveCfg = Release|Any CPU
		{0EA2ABB8-78C7-432B-855B-B0770F842006}.Release|Any CPU.Build.0 = Release|Any CPU
	EndGlobalSection
	GlobalSection(SolutionProperties) = preSolution
		HideSolutionNode = FALSE
	EndGlobalSection
	GlobalSection(ExtensibilityGlobals) = postSolution
		SolutionGuid = {C09987AA-C2D9-41D2-9821-9CBC951FCF38}
	EndGlobalSection
EndGlobal
