
Microsoft Visual Studio Solution File, Format Version 12.00
# Visual Studio Version 17
VisualStudioVersion = 17.3.32819.101
MinimumVisualStudioVersion = 10.0.40219.1
Project("{FAE04EC0-301F-11D3-BF4B-00C04F79EFBC}") = "exersize 9", "exersize 9\exersize 9.csproj", "{3C975969-EF22-4259-8BF1-9C0694467052}"
EndProject
Global
	GlobalSection(SolutionConfigurationPlatforms) = preSolution
		Debug|Any CPU = Debug|Any CPU
		Release|Any CPU = Release|Any CPU
	EndGlobalSection
	GlobalSection(ProjectConfigurationPlatforms) = postSolution
		{3C975969-EF22-4259-8BF1-9C0694467052}.Debug|Any CPU.ActiveCfg = Debug|Any CPU
		{3C975969-EF22-4259-8BF1-9C0694467052}.Debug|Any CPU.Build.0 = Debug|Any CPU
		{3C975969-EF22-4259-8BF1-9C0694467052}.Release|Any CPU.ActiveCfg = Release|Any CPU
		{3C975969-EF22-4259-8BF1-9C0694467052}.Release|Any CPU.Build.0 = Release|Any CPU
	EndGlobalSection
	GlobalSection(SolutionProperties) = preSolution
		HideSolutionNode = FALSE
	EndGlobalSection
	GlobalSection(ExtensibilityGlobals) = postSolution
		SolutionGuid = {90C2D533-325A-4A6E-BFA7-E339273A9756}
	EndGlobalSection
EndGlobal
